{
  "name": "docs.nativefragments.org",
  "version": "0.1.0",
  "lockfileVersion": 3,
  "requires": true,
  "packages": {
    "": {
      "name": "docs.nativefragments.org",
      "version": "0.1.0",
      "dependencies": {
        "@nativefragments/core": "^0.1.1"
      }
    },
    "node_modules/@nativefragments/core": {
      "version": "0.1.1",
      "resolved": "https://registry.npmjs.org/@nativefragments/core/-/core-0.1.1.tgz",
      "integrity": "sha512-wiMgBEqUpOJxFzjBuxZ5hys0RYS/w5N0qzVqbT56bb1xNr+G9JnueKdEBm1UPcpz7WeEvqYsLG1LDBR3JPeNlg==",
      "license": "MIT"
    }
  }
}
