{
  "name": "nativefragments.org",
  "version": "0.1.0",
  "lockfileVersion": 3,
  "requires": true,
  "packages": {
    "": {
      "name": "nativefragments.org",
      "version": "0.1.0",
      "dependencies": {
        "@nativefragments/core": "^0.1.0"
      }
    },
    "node_modules/@nativefragments/core": {
      "version": "0.1.0",
      "resolved": "https://registry.npmjs.org/@nativefragments/core/-/core-0.1.0.tgz",
      "integrity": "sha512-Y2WT1yQSrK5VFQ7kCgtEUJK96JTaTWNE3qdlBzht7WHEhJlwrO6WdXI7rryuX+pMyMeRCgPI1cliFjJRGD4Rrg==",
      "license": "MIT"
    }
  }
}
